# THIS IS AN AUTOGENERATED FILE. DO NOT EDIT THIS FILE DIRECTLY.
# yarn lockfile v1


"@sindresorhus/is@^0.11.0":
  version "0.11.0"
  resolved "http://registry.npm.taobao.org/@sindresorhus/is/download/@sindresorhus/is-0.11.0.tgz#a65970040a5b55c4713452666703b92a6c331fdb"
  dependencies:
    symbol-observable "^1.2.0"

"@szmarczak/http-timer@^1.1.0":
  version "1.1.1"
  resolved "http://registry.npm.taobao.org/@szmarczak/http-timer/download/@szmarczak/http-timer-1.1.1.tgz#6402258dfe467532b26649ef076b4d11f74fb612"
  dependencies:
    defer-to-connect "^1.0.1"

accept@3.x.x:
  version "3.0.2"
  resolved "http://registry.npm.taobao.org/accept/download/accept-3.0.2.tgz#83e41cec7e1149f3fd474880423873db6c6cc9ac"
  dependencies:
    boom "7.x.x"
    hoek "5.x.x"

ammo@3.x.x:
  version "3.0.1"
  resolved "http://registry.npm.taobao.org/ammo/download/ammo-3.0.1.tgz#c79ceeac36fb4e55085ea3fe0c2f42bfa5f7c914"
  dependencies:
    hoek "5.x.x"

argparse@^1.0.7:
  version "1.0.10"
  resolved "http://registry.npm.taobao.org/argparse/download/argparse-1.0.10.tgz#bcd6791ea5ae09725e17e5ad988134cd40b3d911"
  dependencies:
    sprintf-js "~1.0.2"

async@^2.5.0:
  version "2.6.1"
  resolved "http://registry.npm.taobao.org/async/download/async-2.6.1.tgz#b245a23ca71930044ec53fa46aa00a3e87c6a610"
  dependencies:
    lodash "^4.17.10"

b64@4.x.x:
  version "4.0.0"
  resolved "http://registry.npm.taobao.org/b64/download/b64-4.0.0.tgz#c37f587f0a383c7019e821120e8c3f58f0d22772"

big-time@2.x.x:
  version "2.0.1"
  resolved "http://registry.npm.taobao.org/big-time/download/big-time-2.0.1.tgz#68c7df8dc30f97e953f25a67a76ac9713c16c9de"

boom@7.x.x, boom@^7.1.1:
  version "7.2.0"
  resolved "http://registry.npm.taobao.org/boom/download/boom-7.2.0.tgz#2bff24a55565767fde869ec808317eb10c48e966"
  dependencies:
    hoek "5.x.x"

bounce@1.x.x:
  version "1.2.0"
  resolved "http://registry.npm.taobao.org/bounce/download/bounce-1.2.0.tgz#e3bac68c73fd256e38096551efc09f504873c8c8"
  dependencies:
    boom "7.x.x"
    hoek "5.x.x"

cacheable-request@^5.0.0:
  version "5.1.0"
  resolved "http://registry.npm.taobao.org/cacheable-request/download/cacheable-request-5.1.0.tgz#ce0958e977bdb4a5b718464049793b8d4bf7d75d"
  dependencies:
    clone-response "^1.0.2"
    get-stream "^4.0.0"
    http-cache-semantics "^4.0.0"
    keyv "^3.0.0"
    lowercase-keys "^1.0.1"
    normalize-url "^3.1.0"
    responselike "^1.0.2"

call-me-maybe@^1.0.1:
  version "1.0.1"
  resolved "http://registry.npm.taobao.org/call-me-maybe/download/call-me-maybe-1.0.1.tgz#26d208ea89e37b5cbde60250a15f031c16a4d66b"

call@5.x.x:
  version "5.0.1"
  resolved "http://registry.npm.taobao.org/call/download/call-5.0.1.tgz#ac1b5c106d9edc2a17af2a4a4f74dd4f0c06e910"
  dependencies:
    boom "7.x.x"
    hoek "5.x.x"

catbox-memory@3.x.x:
  version "3.1.2"
  resolved "http://registry.npm.taobao.org/catbox-memory/download/catbox-memory-3.1.2.tgz#4aeec1bc994419c0f7e60087f172aaedd9b4911c"
  dependencies:
    big-time "2.x.x"
    boom "7.x.x"
    hoek "5.x.x"

catbox@10.x.x:
  version "10.0.3"
  resolved "http://registry.npm.taobao.org/catbox/download/catbox-10.0.3.tgz#1f6f6436dfab30cdd23f753877bcb4afe980414b"
  dependencies:
    boom "7.x.x"
    hoek "5.x.x"
    joi "13.x.x"

clone-response@^1.0.2:
  version "1.0.2"
  resolved "http://registry.npm.taobao.org/clone-response/download/clone-response-1.0.2.tgz#d1dc973920314df67fbeb94223b4ee350239e96b"
  dependencies:
    mimic-response "^1.0.0"

commander@^2.7.1:
  version "2.19.0"
  resolved "http://registry.npm.taobao.org/commander/download/commander-2.19.0.tgz#f6198aa84e5b83c46054b94ddedbfed5ee9ff12a"

commander@~2.17.1:
  version "2.17.1"
  resolved "http://registry.npm.taobao.org/commander/download/commander-2.17.1.tgz#bd77ab7de6de94205ceacc72f1716d29f20a77bf"

content@4.x.x:
  version "4.0.5"
  resolved "http://registry.npm.taobao.org/content/download/content-4.0.5.tgz#bc547deabc889ab69bce17faf3585c29f4c41bf2"
  dependencies:
    boom "7.x.x"

core-js@^2.5.7:
  version "2.5.7"
  resolved "http://registry.npm.taobao.org/core-js/download/core-js-2.5.7.tgz#f972608ff0cead68b841a16a932d0b183791814e"

cryptiles@4.x.x:
  version "4.1.2"
  resolved "http://registry.npm.taobao.org/cryptiles/download/cryptiles-4.1.2.tgz#363c9ab5c859da9d2d6fb901b64d980966181184"
  dependencies:
    boom "7.x.x"

debug@^3.1.0:
  version "3.2.6"
  resolved "http://registry.npm.taobao.org/debug/download/debug-3.2.6.tgz#e83d17de16d8a7efb7717edbe5fb10135eee629b"
  dependencies:
    ms "^2.1.1"

decompress-response@^3.3.0:
  version "3.3.0"
  resolved "http://registry.npm.taobao.org/decompress-response/download/decompress-response-3.3.0.tgz#80a4dd323748384bfa248083622aedec982adff3"
  dependencies:
    mimic-response "^1.0.0"

defer-to-connect@^1.0.1:
  version "1.0.1"
  resolved "http://registry.npm.taobao.org/defer-to-connect/download/defer-to-connect-1.0.1.tgz#41ec1dd670dc4c6dcbe7e54c9e44d784d025fe63"

duplexer3@^0.1.4:
  version "0.1.4"
  resolved "http://registry.npm.taobao.org/duplexer3/download/duplexer3-0.1.4.tgz#ee01dd1cac0ed3cbc7fdbea37dc0a8f1ce002ce2"

end-of-stream@^1.1.0:
  version "1.4.1"
  resolved "http://registry.npm.taobao.org/end-of-stream/download/end-of-stream-1.4.1.tgz#ed29634d19baba463b6ce6b80a37213eab71ec43"
  dependencies:
    once "^1.4.0"

esprima@^4.0.0:
  version "4.0.1"
  resolved "http://registry.npm.taobao.org/esprima/download/esprima-4.0.1.tgz#13b04cdb3e6c5d19df91ab6987a8695619b0aa71"

format-util@^1.0.3:
  version "1.0.3"
  resolved "http://registry.npm.taobao.org/format-util/download/format-util-1.0.3.tgz#032dca4a116262a12c43f4c3ec8566416c5b2d95"

get-stream@^4.0.0:
  version "4.1.0"
  resolved "http://registry.npm.taobao.org/get-stream/download/get-stream-4.1.0.tgz#c1b255575f3dc21d59bfc79cd3d2b46b1c3a54b5"
  dependencies:
    pump "^3.0.0"

got@^9.2.2:
  version "9.2.2"
  resolved "http://registry.npm.taobao.org/got/download/got-9.2.2.tgz#d6cb73f40d4cb512864c2f66f275f258ab43aa25"
  dependencies:
    "@sindresorhus/is" "^0.11.0"
    "@szmarczak/http-timer" "^1.1.0"
    cacheable-request "^5.0.0"
    decompress-response "^3.3.0"
    duplexer3 "^0.1.4"
    get-stream "^4.0.0"
    mimic-response "^1.0.1"
    p-cancelable "^0.5.0"
    to-readable-stream "^1.0.0"
    url-parse-lax "^3.0.0"

handlebars@^4.0.11:
  version "4.0.12"
  resolved "http://registry.npm.taobao.org/handlebars/download/handlebars-4.0.12.tgz#2c15c8a96d46da5e266700518ba8cb8d919d5bc5"
  dependencies:
    async "^2.5.0"
    optimist "^0.6.1"
    source-map "^0.6.1"
  optionalDependencies:
    uglify-js "^3.1.4"

hapi-swagger@^9.1.2:
  version "9.1.2"
  resolved "http://registry.npm.taobao.org/hapi-swagger/download/hapi-swagger-9.1.2.tgz#e9fd2d9e3096d397376052b956620a845ab1c32b"
  dependencies:
    boom "^7.1.1"
    handlebars "^4.0.11"
    hoek "^5.0.3"
    http-status "^1.0.1"
    joi "^13.1.2"
    json-schema-ref-parser "^4.1.0"
    swagger-parser "4.0.2"

hapi@^17.6.0:
  version "17.6.0"
  resolved "http://registry.npm.taobao.org/hapi/download/hapi-17.6.0.tgz#158a2276253a8de727be678c4daeb1f73929e588"
  dependencies:
    accept "3.x.x"
    ammo "3.x.x"
    boom "7.x.x"
    bounce "1.x.x"
    call "5.x.x"
    catbox "10.x.x"
    catbox-memory "3.x.x"
    heavy "6.x.x"
    hoek "5.x.x"
    joi "13.x.x"
    mimos "4.x.x"
    podium "3.x.x"
    shot "4.x.x"
    statehood "6.x.x"
    subtext "6.x.x"
    teamwork "3.x.x"
    topo "3.x.x"

heavy@6.x.x:
  version "6.1.0"
  resolved "http://registry.npm.taobao.org/heavy/download/heavy-6.1.0.tgz#1bbfa43dc61dd4b543ede3ff87db8306b7967274"
  dependencies:
    boom "7.x.x"
    hoek "5.x.x"
    joi "13.x.x"

hoek@5.x.x, hoek@^5.0.3:
  version "5.0.4"
  resolved "http://registry.npm.taobao.org/hoek/download/hoek-5.0.4.tgz#0f7fa270a1cafeb364a4b2ddfaa33f864e4157da"

http-cache-semantics@^4.0.0:
  version "4.0.0"
  resolved "http://registry.npm.taobao.org/http-cache-semantics/download/http-cache-semantics-4.0.0.tgz#2d0069a73c36c80e3297bc3a0cadd669b78a69ce"

http-status@^1.0.1:
  version "1.2.0"
  resolved "http://registry.npm.taobao.org/http-status/download/http-status-1.2.0.tgz#05f2a54c94f94d32d877b3a31ae08479772ba9f1"

inert@^5.1.0:
  version "5.1.0"
  resolved "http://registry.npm.taobao.org/inert/download/inert-5.1.0.tgz#e9f130dc3047ccd9ffaa64b157b4c1114611035d"
  dependencies:
    ammo "3.x.x"
    boom "7.x.x"
    bounce "1.x.x"
    hoek "5.x.x"
    joi "13.x.x"
    lru-cache "4.1.x"

iron@5.x.x:
  version "5.0.4"
  resolved "http://registry.npm.taobao.org/iron/download/iron-5.0.4.tgz#003ed822f656f07c2b62762815f5de3947326867"
  dependencies:
    boom "7.x.x"
    cryptiles "4.x.x"
    hoek "5.x.x"

isemail@3.x.x:
  version "3.1.4"
  resolved "http://registry.npm.taobao.org/isemail/download/isemail-3.1.4.tgz#76e2187ff7bee59d57522c6fd1c3f09a331933cf"
  dependencies:
    punycode "2.x.x"

items@2.x.x:
  version "2.1.1"
  resolved "http://registry.npm.taobao.org/items/download/items-2.1.1.tgz#8bd16d9c83b19529de5aea321acaada78364a198"

joi@13.x.x, joi@^13.1.2:
  version "13.7.0"
  resolved "http://registry.npm.taobao.org/joi/download/joi-13.7.0.tgz#cfd85ebfe67e8a1900432400b4d03bbd93fb879f"
  dependencies:
    hoek "5.x.x"
    isemail "3.x.x"
    topo "3.x.x"

joi@^14.0.0:
  version "14.0.0"
  resolved "http://registry.npm.taobao.org/joi/download/joi-14.0.0.tgz#05a206b259e702f426eb2b2e523d642fb383e6ad"
  dependencies:
    hoek "5.x.x"
    isemail "3.x.x"
    topo "3.x.x"

js-yaml@^3.10.0:
  version "3.12.0"
  resolved "http://registry.npm.taobao.org/js-yaml/download/js-yaml-3.12.0.tgz#eaed656ec8344f10f527c6bfa1b6e2244de167d1"
  dependencies:
    argparse "^1.0.7"
    esprima "^4.0.0"

json-buffer@3.0.0:
  version "3.0.0"
  resolved "http://registry.npm.taobao.org/json-buffer/download/json-buffer-3.0.0.tgz#5b1f397afc75d677bde8bcfc0e47e1f9a3d9a898"

json-schema-ref-parser@^4.1.0:
  version "4.1.1"
  resolved "http://registry.npm.taobao.org/json-schema-ref-parser/download/json-schema-ref-parser-4.1.1.tgz#f7900efc15f693432d4ac6519dc1ee09c01aa40b"
  dependencies:
    call-me-maybe "^1.0.1"
    debug "^3.1.0"
    js-yaml "^3.10.0"
    ono "^4.0.3"

keyv@^3.0.0:
  version "3.1.0"
  resolved "http://registry.npm.taobao.org/keyv/download/keyv-3.1.0.tgz#ecc228486f69991e49e9476485a5be1e8fc5c4d9"
  dependencies:
    json-buffer "3.0.0"

lodash.get@^4.0.0:
  version "4.4.2"
  resolved "http://registry.npm.taobao.org/lodash.get/download/lodash.get-4.4.2.tgz#2d177f652fa31e939b4438d5341499dfa3825e99"

lodash.isequal@^4.0.0:
  version "4.5.0"
  resolved "http://registry.npm.taobao.org/lodash.isequal/download/lodash.isequal-4.5.0.tgz#415c4478f2bcc30120c22ce10ed3226f7d3e18e0"

lodash@^4.17.10:
  version "4.17.11"
  resolved "http://registry.npm.taobao.org/lodash/download/lodash-4.17.11.tgz#b39ea6229ef607ecd89e2c8df12536891cac9b8d"

lowercase-keys@^1.0.0, lowercase-keys@^1.0.1:
  version "1.0.1"
  resolved "http://registry.npm.taobao.org/lowercase-keys/download/lowercase-keys-1.0.1.tgz#6f9e30b47084d971a7c820ff15a6c5167b74c26f"

lru-cache@4.1.x:
  version "4.1.3"
  resolved "http://registry.npm.taobao.org/lru-cache/download/lru-cache-4.1.3.tgz#a1175cf3496dfc8436c156c334b4955992bce69c"
  dependencies:
    pseudomap "^1.0.2"
    yallist "^2.1.2"

mime-db@1.x.x:
  version "1.36.0"
  resolved "http://registry.npm.taobao.org/mime-db/download/mime-db-1.36.0.tgz#5020478db3c7fe93aad7bbcc4dcf869c43363397"

mimic-response@^1.0.0, mimic-response@^1.0.1:
  version "1.0.1"
  resolved "http://registry.npm.taobao.org/mimic-response/download/mimic-response-1.0.1.tgz#4923538878eef42063cb8a3e3b0798781487ab1b"

mimos@4.x.x:
  version "4.0.0"
  resolved "http://registry.npm.taobao.org/mimos/download/mimos-4.0.0.tgz#76e3d27128431cb6482fd15b20475719ad626a5a"
  dependencies:
    hoek "5.x.x"
    mime-db "1.x.x"

minimist@~0.0.1:
  version "0.0.10"
  resolved "http://registry.npm.taobao.org/minimist/download/minimist-0.0.10.tgz#de3f98543dbf96082be48ad1a0c7cda836301dcf"

ms@^2.1.1:
  version "2.1.1"
  resolved "http://registry.npm.taobao.org/ms/download/ms-2.1.1.tgz#30a5864eb3ebb0a66f2ebe6d727af06a09d86e0a"

nigel@3.x.x:
  version "3.0.1"
  resolved "http://registry.npm.taobao.org/nigel/download/nigel-3.0.1.tgz#48a08859d65177312f1c25af7252c1e07bb07c2a"
  dependencies:
    hoek "5.x.x"
    vise "3.x.x"

normalize-url@^3.1.0:
  version "3.3.0"
  resolved "http://registry.npm.taobao.org/normalize-url/download/normalize-url-3.3.0.tgz#b2e1c4dc4f7c6d57743df733a4f5978d18650559"

once@^1.3.1, once@^1.4.0:
  version "1.4.0"
  resolved "http://registry.npm.taobao.org/once/download/once-1.4.0.tgz#583b1aa775961d4b113ac17d9c50baef9dd76bd1"
  dependencies:
    wrappy "1"

ono@^4.0.3:
  version "4.0.10"
  resolved "http://registry.npm.taobao.org/ono/download/ono-4.0.10.tgz#f7f9c6d1b76270a499d8664c95a740d44175134c"
  dependencies:
    format-util "^1.0.3"

optimist@^0.6.1:
  version "0.6.1"
  resolved "http://registry.npm.taobao.org/optimist/download/optimist-0.6.1.tgz#da3ea74686fa21a19a111c326e90eb15a0196686"
  dependencies:
    minimist "~0.0.1"
    wordwrap "~0.0.2"

p-cancelable@^0.5.0:
  version "0.5.1"
  resolved "http://registry.npm.taobao.org/p-cancelable/download/p-cancelable-0.5.1.tgz#b797a33c43c645cd70d5a838b1d25352b9e29e75"

pez@4.x.x:
  version "4.0.2"
  resolved "http://registry.npm.taobao.org/pez/download/pez-4.0.2.tgz#0a7c81b64968e90b0e9562b398f390939e9c4b53"
  dependencies:
    b64 "4.x.x"
    boom "7.x.x"
    content "4.x.x"
    hoek "5.x.x"
    nigel "3.x.x"

podium@3.x.x:
  version "3.1.2"
  resolved "http://registry.npm.taobao.org/podium/download/podium-3.1.2.tgz#b701429739cf6bdde6b3015ae6b48d400817ce9e"
  dependencies:
    hoek "5.x.x"
    joi "13.x.x"

prepend-http@^2.0.0:
  version "2.0.0"
  resolved "http://registry.npm.taobao.org/prepend-http/download/prepend-http-2.0.0.tgz#e92434bfa5ea8c19f41cdfd401d741a3c819d897"

pseudomap@^1.0.2:
  version "1.0.2"
  resolved "http://registry.npm.taobao.org/pseudomap/download/pseudomap-1.0.2.tgz#f052a28da70e618917ef0a8ac34c1ae5a68286b3"

pump@^3.0.0:
  version "3.0.0"
  resolved "http://registry.npm.taobao.org/pump/download/pump-3.0.0.tgz#b4a2116815bde2f4e1ea602354e8c75565107a64"
  dependencies:
    end-of-stream "^1.1.0"
    once "^1.3.1"

punycode@2.x.x:
  version "2.1.1"
  resolved "http://registry.npm.taobao.org/punycode/download/punycode-2.1.1.tgz#b58b010ac40c22c5657616c8d2c2c02c7bf479ec"

responselike@^1.0.2:
  version "1.0.2"
  resolved "http://registry.npm.taobao.org/responselike/download/responselike-1.0.2.tgz#918720ef3b631c5642be068f15ade5a46f4ba1e7"
  dependencies:
    lowercase-keys "^1.0.0"

shot@4.x.x:
  version "4.0.5"
  resolved "http://registry.npm.taobao.org/shot/download/shot-4.0.5.tgz#c7e7455d11d60f6b6cd3c43e15a3b431c17e5566"
  dependencies:
    hoek "5.x.x"
    joi "13.x.x"

source-map@^0.6.1, source-map@~0.6.1:
  version "0.6.1"
  resolved "http://registry.npm.taobao.org/source-map/download/source-map-0.6.1.tgz#74722af32e9614e9c287a8d0bbde48b5e2f1a263"

sprintf-js@~1.0.2:
  version "1.0.3"
  resolved "http://registry.npm.taobao.org/sprintf-js/download/sprintf-js-1.0.3.tgz#04e6926f662895354f3dd015203633b857297e2c"

statehood@6.x.x:
  version "6.0.6"
  resolved "http://registry.npm.taobao.org/statehood/download/statehood-6.0.6.tgz#0dbd7c50774d3f61a24e42b0673093bbc81fa5f0"
  dependencies:
    boom "7.x.x"
    bounce "1.x.x"
    cryptiles "4.x.x"
    hoek "5.x.x"
    iron "5.x.x"
    joi "13.x.x"

subtext@6.x.x:
  version "6.0.7"
  resolved "http://registry.npm.taobao.org/subtext/download/subtext-6.0.7.tgz#8e40a67901a734d598142665c90e398369b885f9"
  dependencies:
    boom "7.x.x"
    content "4.x.x"
    hoek "5.x.x"
    pez "4.x.x"
    wreck "14.x.x"

swagger-methods@^1.0.4:
  version "1.0.6"
  resolved "http://registry.npm.taobao.org/swagger-methods/download/swagger-methods-1.0.6.tgz#b91c2e4f7f9e5e2c4cd3b285b8be06ca76b3cc6a"

swagger-parser@4.0.2:
  version "4.0.2"
  resolved "http://registry.npm.taobao.org/swagger-parser/download/swagger-parser-4.0.2.tgz#4ffa0ceb714efaab72747822b767fcad3ce7d9f2"
  dependencies:
    call-me-maybe "^1.0.1"
    debug "^3.1.0"
    json-schema-ref-parser "^4.1.0"
    ono "^4.0.3"
    swagger-methods "^1.0.4"
    swagger-schema-official "2.0.0-bab6bed"
    z-schema "^3.19.0"

swagger-schema-official@2.0.0-bab6bed:
  version "2.0.0-bab6bed"
  resolved "http://registry.npm.taobao.org/swagger-schema-official/download/swagger-schema-official-2.0.0-bab6bed.tgz#70070468d6d2977ca5237b2e519ca7d06a2ea3fd"

symbol-observable@^1.2.0:
  version "1.2.0"
  resolved "http://registry.npm.taobao.org/symbol-observable/download/symbol-observable-1.2.0.tgz#c22688aed4eab3cdc2dfeacbb561660560a00804"

teamwork@3.x.x:
  version "3.0.1"
  resolved "http://registry.npm.taobao.org/teamwork/download/teamwork-3.0.1.tgz#ff38c7161f41f8070b7813716eb6154036ece196"

to-readable-stream@^1.0.0:
  version "1.0.0"
  resolved "http://registry.npm.taobao.org/to-readable-stream/download/to-readable-stream-1.0.0.tgz#ce0aa0c2f3df6adf852efb404a783e77c0475771"

topo@3.x.x:
  version "3.0.0"
  resolved "http://registry.npm.taobao.org/topo/download/topo-3.0.0.tgz#37e48c330efeac784538e0acd3e62ca5e231fe7a"
  dependencies:
    hoek "5.x.x"

uglify-js@^3.1.4:
  version "3.4.9"
  resolved "http://registry.npm.taobao.org/uglify-js/download/uglify-js-3.4.9.tgz#af02f180c1207d76432e473ed24a28f4a782bae3"
  dependencies:
    commander "~2.17.1"
    source-map "~0.6.1"

url-parse-lax@^3.0.0:
  version "3.0.0"
  resolved "http://registry.npm.taobao.org/url-parse-lax/download/url-parse-lax-3.0.0.tgz#16b5cafc07dbe3676c1b1999177823d6503acb0c"
  dependencies:
    prepend-http "^2.0.0"

validator@^10.0.0:
  version "10.8.0"
  resolved "http://registry.npm.taobao.org/validator/download/validator-10.8.0.tgz#8acb15a5c39411cbc8ef2be0c98c2514da4410a7"

vise@3.x.x:
  version "3.0.0"
  resolved "http://registry.npm.taobao.org/vise/download/vise-3.0.0.tgz#76ad14ab31669c50fbb0817bc0e72fedcbb3bf4c"
  dependencies:
    hoek "5.x.x"

vision@^5.4.0:
  version "5.4.0"
  resolved "http://registry.npm.taobao.org/vision/download/vision-5.4.0.tgz#fc620deb95227881ea8b8d8a044dc1d1fd40e584"
  dependencies:
    boom "7.x.x"
    hoek "5.x.x"
    items "2.x.x"
    joi "13.x.x"

wordwrap@~0.0.2:
  version "0.0.3"
  resolved "http://registry.npm.taobao.org/wordwrap/download/wordwrap-0.0.3.tgz#a3d5da6cd5c0bc0008d37234bbaf1bed63059107"

wrappy@1:
  version "1.0.2"
  resolved "http://registry.npm.taobao.org/wrappy/download/wrappy-1.0.2.tgz#b5243d8f3ec1aa35f1364605bc0d1036e30ab69f"

wreck@14.x.x:
  version "14.1.0"
  resolved "http://registry.npm.taobao.org/wreck/download/wreck-14.1.0.tgz#b13e526b6a8318e5ebc6969c0b21075c06337067"
  dependencies:
    boom "7.x.x"
    hoek "5.x.x"

yallist@^2.1.2:
  version "2.1.2"
  resolved "http://registry.npm.taobao.org/yallist/download/yallist-2.1.2.tgz#1c11f9218f076089a47dd512f93c6699a6a81d52"

z-schema@^3.19.0:
  version "3.24.1"
  resolved "http://registry.npm.taobao.org/z-schema/download/z-schema-3.24.1.tgz#07a3643c8e061ec1af32e823c9f9e5e5e56e3c8d"
  dependencies:
    core-js "^2.5.7"
    lodash.get "^4.0.0"
    lodash.isequal "^4.0.0"
    validator "^10.0.0"
  optionalDependencies:
    commander "^2.7.1"
